
Microsoft Visual Studio Solution File, Format Version 12.00
# Visual Studio Version 17
VisualStudioVersion = 17.5.002.0
MinimumVisualStudioVersion = 10.0.40219.1
Project("{2150E333-8FDC-42A3-9474-1A3956D46DE8}") = "__tests__", "__tests__", "{9C5DFC6F-C265-44A8-A440-D1309C17E578}"
EndProject
Project("{2150E333-8FDC-42A3-9474-1A3956D46DE8}") = "Utilities", "Utilities", "{451A9117-86AE-409E-AE82-3A74557A9B6C}"
EndProject
Project("{9A19103F-16F7-4668-BE54-9A1E7A4F7556}") = "vstest-functional-test", "__tests__\Utilities\functional-tests\vstest-functional-test.csproj", "{17E182D2-690F-47DA-924F-9C5D7B8EF340}"
EndProject
Global
	GlobalSection(SolutionConfigurationPlatforms) = preSolution
		Debug|Any CPU = Debug|Any CPU
		Release|Any CPU = Release|Any CPU
	EndGlobalSection
	GlobalSection(ProjectConfigurationPlatforms) = postSolution
		{17E182D2-690F-47DA-924F-9C5D7B8EF340}.Debug|Any CPU.ActiveCfg = Debug|Any CPU
		{17E182D2-690F-47DA-924F-9C5D7B8EF340}.Debug|Any CPU.Build.0 = Debug|Any CPU
		{17E182D2-690F-47DA-924F-9C5D7B8EF340}.Release|Any CPU.ActiveCfg = Release|Any CPU
		{17E182D2-690F-47DA-924F-9C5D7B8EF340}.Release|Any CPU.Build.0 = Release|Any CPU
	EndGlobalSection
	GlobalSection(SolutionProperties) = preSolution
		HideSolutionNode = FALSE
	EndGlobalSection
	GlobalSection(NestedProjects) = preSolution
		{451A9117-86AE-409E-AE82-3A74557A9B6C} = {9C5DFC6F-C265-44A8-A440-D1309C17E578}
		{17E182D2-690F-47DA-924F-9C5D7B8EF340} = {451A9117-86AE-409E-AE82-3A74557A9B6C}
	EndGlobalSection
	GlobalSection(ExtensibilityGlobals) = postSolution
		SolutionGuid = {9B8EF32D-6F8B-4AC9-856E-897F6B128911}
	EndGlobalSection
EndGlobal
